
Microsoft Visual Studio Solution File, Format Version 12.00
# Visual Studio 2012
Project("{FAE04EC0-301F-11D3-BF4B-00C04F79EFBC}") = "KaoConf", "KaoConf\KaoConf.csproj", "{355BEB8A-2B4E-4DDB-B1B7-9A87376C56C6}"
EndProject
Global
	GlobalSection(SolutionConfigurationPlatforms) = preSolution
		Debug|Any CPU = Debug|Any CPU
		Release|Any CPU = Release|Any CPU
	EndGlobalSection
	GlobalSection(ProjectConfigurationPlatforms) = postSolution
		{355BEB8A-2B4E-4DDB-B1B7-9A87376C56C6}.Debug|Any CPU.ActiveCfg = Debug|Any CPU
		{355BEB8A-2B4E-4DDB-B1B7-9A87376C56C6}.Debug|Any CPU.Build.0 = Debug|Any CPU
		{355BEB8A-2B4E-4DDB-B1B7-9A87376C56C6}.Release|Any CPU.ActiveCfg = Release|Any CPU
		{355BEB8A-2B4E-4DDB-B1B7-9A87376C56C6}.Release|Any CPU.Build.0 = Release|Any CPU
	EndGlobalSection
	GlobalSection(SolutionProperties) = preSolution
		HideSolutionNode = FALSE
	EndGlobalSection
EndGlobal
